
Microsoft Visual Studio Solution File, Format Version 12.00
# Visual Studio 15
VisualStudioVersion = 15.0.27004.2010
MinimumVisualStudioVersion = 10.0.40219.1
Project("{FAE04EC0-301F-11D3-BF4B-00C04F79EFBC}") = "JSONEmployeeApplication", "JSONEmployeeApplication\JSONEmployeeApplication.csproj", "{456E8915-C1A6-4AFD-8C44-025F1089C1DB}"
EndProject
Global
	GlobalSection(SolutionConfigurationPlatforms) = preSolution
		Debug|Any CPU = Debug|Any CPU
		Release|Any CPU = Release|Any CPU
	EndGlobalSection
	GlobalSection(ProjectConfigurationPlatforms) = postSolution
		{456E8915-C1A6-4AFD-8C44-025F1089C1DB}.Debug|Any CPU.ActiveCfg = Debug|Any CPU
		{456E8915-C1A6-4AFD-8C44-025F1089C1DB}.Debug|Any CPU.Build.0 = Debug|Any CPU
		{456E8915-C1A6-4AFD-8C44-025F1089C1DB}.Release|Any CPU.ActiveCfg = Release|Any CPU
		{456E8915-C1A6-4AFD-8C44-025F1089C1DB}.Release|Any CPU.Build.0 = Release|Any CPU
	EndGlobalSection
	GlobalSection(SolutionProperties) = preSolution
		HideSolutionNode = FALSE
	EndGlobalSection
	GlobalSection(ExtensibilityGlobals) = postSolution
		SolutionGuid = {306E77B2-BDED-4E63-BCCC-CA7C434B71C7}
	EndGlobalSection
EndGlobal
